lockfileVersion: '6.0'

dependencies:
    bootstrap-vue:
        specifier: ^2.22.0
        version: 2.23.1(jquery@3.7.1)(vue@3.3.4)
    gsap:
        specifier: ^3.11.1
        version: 3.12.2
    interactjs:
        specifier: ^1.10.17
        version: 1.10.18
    oh-vue-icons:
        specifier: ^1.0.0-rc3
        version: 1.0.0-rc3(vue@3.3.4)
    path:
        specifier: ^0.12.7
        version: 0.12.7
    pinia:
        specifier: ^2.1.6
        version: 2.1.6(typescript@4.9.5)(vue@3.3.4)
    shake-detector:
        specifier: ^0.3.8
        version: 0.3.8
    three:
        specifier: ^0.117.1
        version: 0.117.1
    vue:
        specifier: ^3.2.37
        version: 3.3.4
    vue-glitched-writer:
        specifier: ^1.2.2
        version: 1.2.2(vue@3.3.4)
    vue-matrix-digit-rain:
        specifier: ^1.0.1
        version: 1.0.1
    vue-router:
        specifier: '4'
        version: 4.2.4(vue@3.3.4)
    vueperslides:
        specifier: ^3.5.1
        version: 3.5.1(vue@3.3.4)
    xterm:
        specifier: ^4.19.0
        version: 4.19.0
    youtube-player:
        specifier: ^5.5.2
        version: 5.6.0

devDependencies:
    '@types/three':
        specifier: ^0.143.0
        version: 0.143.2
    '@types/youtube-player':
        specifier: ^5.5.6
        version: 5.5.7
    '@vitejs/plugin-vue':
        specifier: ^3.0.0
        version: 3.2.0(vite@3.2.7)(vue@3.3.4)
    typescript:
        specifier: ^4.6.4
        version: 4.9.5
    vite:
        specifier: ^3.0.0
        version: 3.2.7
    vue-tsc:
        specifier: ^0.38.4
        version: 0.38.9(typescript@4.9.5)

packages:
    /@babel/helper-string-parser@7.22.5:
        resolution:
            {
                integrity: sha512-mM4COjgZox8U+JcXQwPijIZLElkgEpO5rsERVDJTc2qfCDfERyob6k5WegS14SX18IIjv+XD+GrqNumY5JRCDw==
            }
        engines: { node: '>=6.9.0' }

    /@babel/helper-validator-identifier@7.22.15:
        resolution:
            {
                integrity: sha512-4E/F9IIEi8WR94324mbDUMo074YTheJmd7eZF5vITTeYchqAi6sYXRLHUVsmkdmY4QjfKTcB2jB7dVP3NaBElQ==
            }
        engines: { node: '>=6.9.0' }

    /@babel/parser@7.22.16:
        resolution:
            {
                integrity: sha512-+gPfKv8UWeKKeJTUxe59+OobVcrYHETCsORl61EmSkmgymguYk/X5bp7GuUIXaFsc6y++v8ZxPsLSSuujqDphA==
            }
        engines: { node: '>=6.0.0' }
        hasBin: true
        dependencies:
            '@babel/types': 7.22.15

    /@babel/types@7.22.15:
        resolution:
            {
                integrity: sha512-X+NLXr0N8XXmN5ZsaQdm9U2SSC3UbIYq/doL++sueHOTisgZHoKaQtZxGuV2cUPQHMfjKEfg/g6oy7Hm6SKFtA==
            }
        engines: { node: '>=6.9.0' }
        dependencies:
            '@babel/helper-string-parser': 7.22.5
            '@babel/helper-validator-identifier': 7.22.15
            to-fast-properties: 2.0.0

    /@esbuild/android-arm@0.15.18:
        resolution:
            {
                integrity: sha512-5GT+kcs2WVGjVs7+boataCkO5Fg0y4kCjzkB5bAip7H4jfnOS3dA6KPiww9W1OEKTKeAcUVhdZGvgI65OXmUnw==
            }
        engines: { node: '>=12' }
        cpu: [arm]
        os: [android]
        requiresBuild: true
        dev: true
        optional: true

    /@esbuild/linux-loong64@0.15.18:
        resolution:
            {
                integrity: sha512-L4jVKS82XVhw2nvzLg/19ClLWg0y27ulRwuP7lcyL6AbUWB5aPglXY3M21mauDQMDfRLs8cQmeT03r/+X3cZYQ==
            }
        engines: { node: '>=12' }
        cpu: [loong64]
        os: [linux]
        requiresBuild: true
        dev: true
        optional: true

    /@interactjs/types@1.10.18:
        resolution:
            {
                integrity: sha512-3a+2Kx6PhA60ekxImRQJl+EyT4lD0/kd3/PveyaLtgfNxkxnSWdUq7Ixo3Y/t1lon4EqVGZQgp+qj/QNaEs6qA==
            }
        dev: false

    /@jridgewell/sourcemap-codec@1.4.15:
        resolution:
            {
                integrity: sha512-eF2rxCRulEKXHTRiDrDy6erMYWqNw4LPdQ8UQA4huuxaQsVeRPFl2oM8oDGxMFhJUWZf9McpLtJasDDZb/Bpeg==
            }

    /@nuxt/opencollective@0.3.3:
        resolution:
            {
                integrity: sha512-6IKCd+gP0HliixqZT/p8nW3tucD6Sv/u/eR2A9X4rxT/6hXlMzA4GZQzq4d2qnBAwSwGpmKyzkyTjNjrhaA25A==
            }
        engines: { node: '>=8.0.0', npm: '>=5.0.0' }
        hasBin: true
        dependencies:
            chalk: 4.1.2
            consola: 2.15.3
            node-fetch: 2.7.0
        transitivePeerDependencies:
            - encoding
        dev: false

    /@types/three@0.143.2:
        resolution:
            {
                integrity: sha512-HjsRWvd6rsXViFeOdU97/pHNDQknzJbFI0/5MrQ0joOlK0uixQH40sDJs/LwkNHhFYUvVENXAUQdKDeiQChHDw==
            }
        dependencies:
            '@types/webxr': 0.5.4
        dev: true

    /@types/webxr@0.5.4:
        resolution:
            {
                integrity: sha512-41gfGLTtqXZhcmoDlLDHqMJDuwAMwhHwXf9Q2job3TUBsvkNfPNI/3IWVEtLH4tyY1ElWtfwIaoNeqeEX238/Q==
            }
        dev: true

    /@types/youtube-player@5.5.7:
        resolution:
            {
                integrity: sha512-W8F4eoTIvzXeNrT3JroQPimZLXnlJA8smYygHZUKFPVoYwgs/OhJkA1VBhL3iSs57OQkuINqHlY4SmMT5wtnJg==
            }
        dev: true

    /@vitejs/plugin-vue@3.2.0(vite@3.2.7)(vue@3.3.4):
        resolution:
            {
                integrity: sha512-E0tnaL4fr+qkdCNxJ+Xd0yM31UwMkQje76fsDVBBUCoGOUPexu2VDUYHL8P4CwV+zMvWw6nlRw19OnRKmYAJpw==
            }
        engines: { node: ^14.18.0 || >=16.0.0 }
        peerDependencies:
            vite: ^3.0.0
            vue: ^3.2.25
        dependencies:
            vite: 3.2.7
            vue: 3.3.4
        dev: true

    /@volar/code-gen@0.38.9:
        resolution:
            {
                integrity: sha512-n6LClucfA+37rQeskvh9vDoZV1VvCVNy++MAPKj2dT4FT+Fbmty/SDQqnsEBtdEe6E3OQctFvA/IcKsx3Mns0A==
            }
        dependencies:
            '@volar/source-map': 0.38.9
        dev: true

    /@volar/source-map@0.38.9:
        resolution:
            {
                integrity: sha512-ba0UFoHDYry+vwKdgkWJ6xlQT+8TFtZg1zj9tSjj4PykW1JZDuM0xplMotLun4h3YOoYfY9K1huY5gvxmrNLIw==
            }
        dev: true

    /@volar/vue-code-gen@0.38.9:
        resolution:
            {
                integrity: sha512-tzj7AoarFBKl7e41MR006ncrEmNPHALuk8aG4WdDIaG387X5//5KhWC5Ff3ZfB2InGSeNT+CVUd74M0gS20rjA==
            }
        deprecated: 'WARNING: This project has been renamed to @vue/language-core. Install using @vue/language-core instead.'
        dependencies:
            '@volar/code-gen': 0.38.9
            '@volar/source-map': 0.38.9
            '@vue/compiler-core': 3.3.4
            '@vue/compiler-dom': 3.3.4
            '@vue/shared': 3.3.4
        dev: true

    /@volar/vue-typescript@0.38.9:
        resolution:
            {
                integrity: sha512-iJMQGU91ADi98u8V1vXd2UBmELDAaeSP0ZJaFjwosClQdKlJQYc6MlxxKfXBZisHqfbhdtrGRyaryulnYtliZw==
            }
        deprecated: 'WARNING: This project has been renamed to @vue/typescript. Install using @vue/typescript instead.'
        dependencies:
            '@volar/code-gen': 0.38.9
            '@volar/source-map': 0.38.9
            '@volar/vue-code-gen': 0.38.9
            '@vue/compiler-sfc': 3.3.4
            '@vue/reactivity': 3.3.4
        dev: true

    /@vue/compiler-core@3.3.4:
        resolution:
            {
                integrity: sha512-cquyDNvZ6jTbf/+x+AgM2Arrp6G4Dzbb0R64jiG804HRMfRiFXWI6kqUVqZ6ZR0bQhIoQjB4+2bhNtVwndW15g==
            }
        dependencies:
            '@babel/parser': 7.22.16
            '@vue/shared': 3.3.4
            estree-walker: 2.0.2
            source-map-js: 1.0.2

    /@vue/compiler-dom@3.3.4:
        resolution:
            {
                integrity: sha512-wyM+OjOVpuUukIq6p5+nwHYtj9cFroz9cwkfmP9O1nzH68BenTTv0u7/ndggT8cIQlnBeOo6sUT/gvHcIkLA5w==
            }
        dependencies:
            '@vue/compiler-core': 3.3.4
            '@vue/shared': 3.3.4

    /@vue/compiler-sfc@3.3.4:
        resolution:
            {
                integrity: sha512-6y/d8uw+5TkCuzBkgLS0v3lSM3hJDntFEiUORM11pQ/hKvkhSKZrXW6i69UyXlJQisJxuUEJKAWEqWbWsLeNKQ==
            }
        dependencies:
            '@babel/parser': 7.22.16
            '@vue/compiler-core': 3.3.4
            '@vue/compiler-dom': 3.3.4
            '@vue/compiler-ssr': 3.3.4
            '@vue/reactivity-transform': 3.3.4
            '@vue/shared': 3.3.4
            estree-walker: 2.0.2
            magic-string: 0.30.3
            postcss: 8.4.29
            source-map-js: 1.0.2

    /@vue/compiler-ssr@3.3.4:
        resolution:
            {
                integrity: sha512-m0v6oKpup2nMSehwA6Uuu+j+wEwcy7QmwMkVNVfrV9P2qE5KshC6RwOCq8fjGS/Eak/uNb8AaWekfiXxbBB6gQ==
            }
        dependencies:
            '@vue/compiler-dom': 3.3.4
            '@vue/shared': 3.3.4

    /@vue/devtools-api@6.5.0:
        resolution:
            {
                integrity: sha512-o9KfBeaBmCKl10usN4crU53fYtC1r7jJwdGKjPT24t348rHxgfpZ0xL3Xm/gLUYnc0oTp8LAmrxOeLyu6tbk2Q==
            }
        dev: false

    /@vue/reactivity-transform@3.3.4:
        resolution:
            {
                integrity: sha512-MXgwjako4nu5WFLAjpBnCj/ieqcjE2aJBINUNQzkZQfzIZA4xn+0fV1tIYBJvvva3N3OvKGofRLvQIwEQPpaXw==
            }
        dependencies:
            '@babel/parser': 7.22.16
            '@vue/compiler-core': 3.3.4
            '@vue/shared': 3.3.4
            estree-walker: 2.0.2
            magic-string: 0.30.3

    /@vue/reactivity@3.3.4:
        resolution:
            {
                integrity: sha512-kLTDLwd0B1jG08NBF3R5rqULtv/f8x3rOFByTDz4J53ttIQEDmALqKqXY0J+XQeN0aV2FBxY8nJDf88yvOPAqQ==
            }
        dependencies:
            '@vue/shared': 3.3.4

    /@vue/runtime-core@3.3.4:
        resolution:
            {
                integrity: sha512-R+bqxMN6pWO7zGI4OMlmvePOdP2c93GsHFM/siJI7O2nxFRzj55pLwkpCedEY+bTMgp5miZ8CxfIZo3S+gFqvA==
            }
        dependencies:
            '@vue/reactivity': 3.3.4
            '@vue/shared': 3.3.4

    /@vue/runtime-dom@3.3.4:
        resolution:
            {
                integrity: sha512-Aj5bTJ3u5sFsUckRghsNjVTtxZQ1OyMWCr5dZRAPijF/0Vy4xEoRCwLyHXcj4D0UFbJ4lbx3gPTgg06K/GnPnQ==
            }
        dependencies:
            '@vue/runtime-core': 3.3.4
            '@vue/shared': 3.3.4
            csstype: 3.1.2

    /@vue/server-renderer@3.3.4(vue@3.3.4):
        resolution:
            {
                integrity: sha512-Q6jDDzR23ViIb67v+vM1Dqntu+HUexQcsWKhhQa4ARVzxOY2HbC7QRW/ggkDBd5BU+uM1sV6XOAP0b216o34JQ==
            }
        peerDependencies:
            vue: 3.3.4
        dependencies:
            '@vue/compiler-ssr': 3.3.4
            '@vue/shared': 3.3.4
            vue: 3.3.4

    /@vue/shared@3.3.4:
        resolution:
            {
                integrity: sha512-7OjdcV8vQ74eiz1TZLzZP4JwqM5fA94K6yntPS5Z25r9HDuGNzaGdgvwKYq6S+MxwF0TFRwe50fIR/MYnakdkQ==
            }

    /ansi-styles@4.3.0:
        resolution:
            {
                integrity: sha512-zbB9rCJAT1rbjiVDb2hqKFHNYLxgtk8NURxZ3IZwD3F6NtxbXZQCnnSi1Lkx+IDohdPlFp222wVALIheZJQSEg==
            }
        engines: { node: '>=8' }
        dependencies:
            color-convert: 2.0.1
        dev: false

    /bootstrap-vue@2.23.1(jquery@3.7.1)(vue@3.3.4):
        resolution:
            {
                integrity: sha512-SEWkG4LzmMuWjQdSYmAQk1G/oOKm37dtNfjB5kxq0YafnL2W6qUAmeDTcIZVbPiQd2OQlIkWOMPBRGySk/zGsg==
            }
        requiresBuild: true
        dependencies:
            '@nuxt/opencollective': 0.3.3
            bootstrap: 4.6.2(jquery@3.7.1)(popper.js@1.16.1)
            popper.js: 1.16.1
            portal-vue: 2.1.7(vue@3.3.4)
            vue-functional-data-merge: 3.1.0
        transitivePeerDependencies:
            - encoding
            - jquery
            - vue
        dev: false

    /bootstrap@4.6.2(jquery@3.7.1)(popper.js@1.16.1):
        resolution:
            {
                integrity: sha512-51Bbp/Uxr9aTuy6ca/8FbFloBUJZLHwnhTcnjIeRn2suQWsWzcuJhGjKDB5eppVte/8oCdOL3VuwxvZDUggwGQ==
            }
        peerDependencies:
            jquery: 1.9.1 - 3
            popper.js: ^1.16.1
        dependencies:
            jquery: 3.7.1
            popper.js: 1.16.1
        dev: false

    /chalk@4.1.2:
        resolution:
            {
                integrity: sha512-oKnbhFyRIXpUuez8iBMmyEa4nbj4IOQyuhc/wy9kY7/WVPcwIO9VA668Pu8RkO7+0G76SLROeyw9CpQ061i4mA==
            }
        engines: { node: '>=10' }
        dependencies:
            ansi-styles: 4.3.0
            supports-color: 7.2.0
        dev: false

    /color-convert@2.0.1:
        resolution:
            {
                integrity: sha512-RRECPsj7iu/xb5oKYcsFHSppFNnsj/52OVTRKb4zP5onXwVF3zVmmToNcOfGC+CRDpfK/U584fMg38ZHCaElKQ==
            }
        engines: { node: '>=7.0.0' }
        dependencies:
            color-name: 1.1.4
        dev: false

    /color-name@1.1.4:
        resolution:
            {
                integrity: sha512-dOy+3AuW3a2wNbZHIuMZpTcgjGuLU/uBL/ubcZF9OXbDo8ff4O8yVp5Bf0efS8uEoYo5q4Fx7dY9OgQGXgAsQA==
            }
        dev: false

    /consola@2.15.3:
        resolution:
            {
                integrity: sha512-9vAdYbHj6x2fLKC4+oPH0kFzY/orMZyG2Aj+kNylHxKGJ/Ed4dpNyAQYwJOdqO4zdM7XpVHmyejQDcQHrnuXbw==
            }
        dev: false

    /csstype@3.1.2:
        resolution:
            {
                integrity: sha512-I7K1Uu0MBPzaFKg4nI5Q7Vs2t+3gWWW648spaF+Rg7pI9ds18Ugn+lvg4SHczUdKlHI5LWBXyqfS8+DufyBsgQ==
            }

    /debug@4.3.4:
        resolution:
            {
                integrity: sha512-PRWFHuSU3eDtQJPvnNY7Jcket1j0t5OuOsFzPPzsekD52Zl8qUfFIPEiswXqIvHWGVHOgX+7G/vCNNhehwxfkQ==
            }
        engines: { node: '>=6.0' }
        peerDependencies:
            supports-color: '*'
        peerDependenciesMeta:
            supports-color:
                optional: true
        dependencies:
            ms: 2.1.2
        dev: false

    /esbuild-android-64@0.15.18:
        resolution:
            {
                integrity: sha512-wnpt3OXRhcjfIDSZu9bnzT4/TNTDsOUvip0foZOUBG7QbSt//w3QV4FInVJxNhKc/ErhUxc5z4QjHtMi7/TbgA==
            }
        engines: { node: '>=12' }
        cpu: [x64]
        os: [android]
        requiresBuild: true
        dev: true
        optional: true

    /esbuild-android-arm64@0.15.18:
        resolution:
            {
                integrity: sha512-G4xu89B8FCzav9XU8EjsXacCKSG2FT7wW9J6hOc18soEHJdtWu03L3TQDGf0geNxfLTtxENKBzMSq9LlbjS8OQ==
            }
        engines: { node: '>=12' }
        cpu: [arm64]
        os: [android]
        requiresBuild: true
        dev: true
        optional: true

    /esbuild-darwin-64@0.15.18:
        resolution:
            {
                integrity: sha512-2WAvs95uPnVJPuYKP0Eqx+Dl/jaYseZEUUT1sjg97TJa4oBtbAKnPnl3b5M9l51/nbx7+QAEtuummJZW0sBEmg==
            }
        engines: { node: '>=12' }
        cpu: [x64]
        os: [darwin]
        requiresBuild: true
        dev: true
        optional: true

    /esbuild-darwin-arm64@0.15.18:
        resolution:
            {
                integrity: sha512-tKPSxcTJ5OmNb1btVikATJ8NftlyNlc8BVNtyT/UAr62JFOhwHlnoPrhYWz09akBLHI9nElFVfWSTSRsrZiDUA==
            }
        engines: { node: '>=12' }
        cpu: [arm64]
        os: [darwin]
        requiresBuild: true
        dev: true
        optional: true

    /esbuild-freebsd-64@0.15.18:
        resolution:
            {
                integrity: sha512-TT3uBUxkteAjR1QbsmvSsjpKjOX6UkCstr8nMr+q7zi3NuZ1oIpa8U41Y8I8dJH2fJgdC3Dj3CXO5biLQpfdZA==
            }
        engines: { node: '>=12' }
        cpu: [x64]
        os: [freebsd]
        requiresBuild: true
        dev: true
        optional: true

    /esbuild-freebsd-arm64@0.15.18:
        resolution:
            {
                integrity: sha512-R/oVr+X3Tkh+S0+tL41wRMbdWtpWB8hEAMsOXDumSSa6qJR89U0S/PpLXrGF7Wk/JykfpWNokERUpCeHDl47wA==
            }
        engines: { node: '>=12' }
        cpu: [arm64]
        os: [freebsd]
        requiresBuild: true
        dev: true
        optional: true

    /esbuild-linux-32@0.15.18:
        resolution:
            {
                integrity: sha512-lphF3HiCSYtaa9p1DtXndiQEeQDKPl9eN/XNoBf2amEghugNuqXNZA/ZovthNE2aa4EN43WroO0B85xVSjYkbg==
            }
        engines: { node: '>=12' }
        cpu: [ia32]
        os: [linux]
        requiresBuild: true
        dev: true
        optional: true

    /esbuild-linux-64@0.15.18:
        resolution:
            {
                integrity: sha512-hNSeP97IviD7oxLKFuii5sDPJ+QHeiFTFLoLm7NZQligur8poNOWGIgpQ7Qf8Balb69hptMZzyOBIPtY09GZYw==
            }
        engines: { node: '>=12' }
        cpu: [x64]
        os: [linux]
        requiresBuild: true
        dev: true
        optional: true

    /esbuild-linux-arm64@0.15.18:
        resolution:
            {
                integrity: sha512-54qr8kg/6ilcxd+0V3h9rjT4qmjc0CccMVWrjOEM/pEcUzt8X62HfBSeZfT2ECpM7104mk4yfQXkosY8Quptug==
            }
        engines: { node: '>=12' }
        cpu: [arm64]
        os: [linux]
        requiresBuild: true
        dev: true
        optional: true

    /esbuild-linux-arm@0.15.18:
        resolution:
            {
                integrity: sha512-UH779gstRblS4aoS2qpMl3wjg7U0j+ygu3GjIeTonCcN79ZvpPee12Qun3vcdxX+37O5LFxz39XeW2I9bybMVA==
            }
        engines: { node: '>=12' }
        cpu: [arm]
        os: [linux]
        requiresBuild: true
        dev: true
        optional: true

    /esbuild-linux-mips64le@0.15.18:
        resolution:
            {
                integrity: sha512-Mk6Ppwzzz3YbMl/ZZL2P0q1tnYqh/trYZ1VfNP47C31yT0K8t9s7Z077QrDA/guU60tGNp2GOwCQnp+DYv7bxQ==
            }
        engines: { node: '>=12' }
        cpu: [mips64el]
        os: [linux]
        requiresBuild: true
        dev: true
        optional: true

    /esbuild-linux-ppc64le@0.15.18:
        resolution:
            {
                integrity: sha512-b0XkN4pL9WUulPTa/VKHx2wLCgvIAbgwABGnKMY19WhKZPT+8BxhZdqz6EgkqCLld7X5qiCY2F/bfpUUlnFZ9w==
            }
        engines: { node: '>=12' }
        cpu: [ppc64]
        os: [linux]
        requiresBuild: true
        dev: true
        optional: true

    /esbuild-linux-riscv64@0.15.18:
        resolution:
            {
                integrity: sha512-ba2COaoF5wL6VLZWn04k+ACZjZ6NYniMSQStodFKH/Pu6RxzQqzsmjR1t9QC89VYJxBeyVPTaHuBMCejl3O/xg==
            }
        engines: { node: '>=12' }
        cpu: [riscv64]
        os: [linux]
        requiresBuild: true
        dev: true
        optional: true

    /esbuild-linux-s390x@0.15.18:
        resolution:
            {
                integrity: sha512-VbpGuXEl5FCs1wDVp93O8UIzl3ZrglgnSQ+Hu79g7hZu6te6/YHgVJxCM2SqfIila0J3k0csfnf8VD2W7u2kzQ==
            }
        engines: { node: '>=12' }
        cpu: [s390x]
        os: [linux]
        requiresBuild: true
        dev: true
        optional: true

    /esbuild-netbsd-64@0.15.18:
        resolution:
            {
                integrity: sha512-98ukeCdvdX7wr1vUYQzKo4kQ0N2p27H7I11maINv73fVEXt2kyh4K4m9f35U1K43Xc2QGXlzAw0K9yoU7JUjOg==
            }
        engines: { node: '>=12' }
        cpu: [x64]
        os: [netbsd]
        requiresBuild: true
        dev: true
        optional: true

    /esbuild-openbsd-64@0.15.18:
        resolution:
            {
                integrity: sha512-yK5NCcH31Uae076AyQAXeJzt/vxIo9+omZRKj1pauhk3ITuADzuOx5N2fdHrAKPxN+zH3w96uFKlY7yIn490xQ==
            }
        engines: { node: '>=12' }
        cpu: [x64]
        os: [openbsd]
        requiresBuild: true
        dev: true
        optional: true

    /esbuild-sunos-64@0.15.18:
        resolution:
            {
                integrity: sha512-On22LLFlBeLNj/YF3FT+cXcyKPEI263nflYlAhz5crxtp3yRG1Ugfr7ITyxmCmjm4vbN/dGrb/B7w7U8yJR9yw==
            }
        engines: { node: '>=12' }
        cpu: [x64]
        os: [sunos]
        requiresBuild: true
        dev: true
        optional: true

    /esbuild-windows-32@0.15.18:
        resolution:
            {
                integrity: sha512-o+eyLu2MjVny/nt+E0uPnBxYuJHBvho8vWsC2lV61A7wwTWC3jkN2w36jtA+yv1UgYkHRihPuQsL23hsCYGcOQ==
            }
        engines: { node: '>=12' }
        cpu: [ia32]
        os: [win32]
        requiresBuild: true
        dev: true
        optional: true

    /esbuild-windows-64@0.15.18:
        resolution:
            {
                integrity: sha512-qinug1iTTaIIrCorAUjR0fcBk24fjzEedFYhhispP8Oc7SFvs+XeW3YpAKiKp8dRpizl4YYAhxMjlftAMJiaUw==
            }
        engines: { node: '>=12' }
        cpu: [x64]
        os: [win32]
        requiresBuild: true
        dev: true
        optional: true

    /esbuild-windows-arm64@0.15.18:
        resolution:
            {
                integrity: sha512-q9bsYzegpZcLziq0zgUi5KqGVtfhjxGbnksaBFYmWLxeV/S1fK4OLdq2DFYnXcLMjlZw2L0jLsk1eGoB522WXQ==
            }
        engines: { node: '>=12' }
        cpu: [arm64]
        os: [win32]
        requiresBuild: true
        dev: true
        optional: true

    /esbuild@0.15.18:
        resolution:
            {
                integrity: sha512-x/R72SmW3sSFRm5zrrIjAhCeQSAWoni3CmHEqfQrZIQTM3lVCdehdwuIqaOtfC2slvpdlLa62GYoN8SxT23m6Q==
            }
        engines: { node: '>=12' }
        hasBin: true
        requiresBuild: true
        optionalDependencies:
            '@esbuild/android-arm': 0.15.18
            '@esbuild/linux-loong64': 0.15.18
            esbuild-android-64: 0.15.18
            esbuild-android-arm64: 0.15.18
            esbuild-darwin-64: 0.15.18
            esbuild-darwin-arm64: 0.15.18
            esbuild-freebsd-64: 0.15.18
            esbuild-freebsd-arm64: 0.15.18
            esbuild-linux-32: 0.15.18
            esbuild-linux-64: 0.15.18
            esbuild-linux-arm: 0.15.18
            esbuild-linux-arm64: 0.15.18
            esbuild-linux-mips64le: 0.15.18
            esbuild-linux-ppc64le: 0.15.18
            esbuild-linux-riscv64: 0.15.18
            esbuild-linux-s390x: 0.15.18
            esbuild-netbsd-64: 0.15.18
            esbuild-openbsd-64: 0.15.18
            esbuild-sunos-64: 0.15.18
            esbuild-windows-32: 0.15.18
            esbuild-windows-64: 0.15.18
            esbuild-windows-arm64: 0.15.18
        dev: true

    /estree-walker@2.0.2:
        resolution:
            {
                integrity: sha512-Rfkk/Mp/DL7JVje3u18FxFujQlTNR2q6QfMSMB7AvCBx91NGj/ba3kCfza0f6dVDbw7YlRf/nDrn7pQrCCyQ/w==
            }

    /fsevents@2.3.3:
        resolution:
            {
                integrity: sha512-5xoDfX+fL7faATnagmWPpbFtwh/R77WmMMqqHGS65C3vvB0YHrgF+B1YmZ3441tMj5n63k0212XNoJwzlhffQw==
            }
        engines: { node: ^8.16.0 || ^10.6.0 || >=11.0.0 }
        os: [darwin]
        requiresBuild: true
        dev: true
        optional: true

    /function-bind@1.1.1:
        resolution:
            {
                integrity: sha512-yIovAzMX49sF8Yl58fSCWJ5svSLuaibPxXQJFLmBObTuCr0Mf1KiPopGM9NiFjiYBCbfaa2Fh6breQ6ANVTI0A==
            }
        dev: true

    /glitched-writer@2.0.29:
        resolution:
            {
                integrity: sha512-ItmmiFTSKVIbs/ngTLAszsu2czKYXYar54GgJcST5U6BH7sAaivG3fgDJFDIgNaau7rGadV5bLu3QThd5iAC8w==
            }
        dev: false

    /gsap@3.12.2:
        resolution:
            {
                integrity: sha512-EkYnpG8qHgYBFAwsgsGEqvT1WUidX0tt/ijepx7z8EUJHElykg91RvW1XbkT59T0gZzzszOpjQv7SE41XuIXyQ==
            }
        dev: false

    /has-flag@4.0.0:
        resolution:
            {
                integrity: sha512-EykJT/Q1KjTWctppgIAgfSO0tKVuZUjhgMr17kqTumMl6Afv3EISleU7qZUzoXDFTAHTDC4NOoG/ZxU3EvlMPQ==
            }
        engines: { node: '>=8' }
        dev: false

    /has@1.0.3:
        resolution:
            {
                integrity: sha512-f2dvO0VU6Oej7RkWJGrehjbzMAjFp5/VKPp5tTpWIV4JHHZK1/BxbFRtf/siA2SWTe09caDmVtYYzWEIbBS4zw==
            }
        engines: { node: '>= 0.4.0' }
        dependencies:
            function-bind: 1.1.1
        dev: true

    /inherits@2.0.3:
        resolution:
            {
                integrity: sha512-x00IRNXNy63jwGkJmzPigoySHbaqpNuzKbBOmzK+g2OdZpQ9w+sxCN+VSB3ja7IAge2OP2qpfxTjeNcyjmW1uw==
            }
        dev: false

    /interactjs@1.10.18:
        resolution:
            {
                integrity: sha512-ho+Qgr5U3b3oz23Iv7MkIZGoWaTsSCRnrCL34Dtjzs5eFghwpESJeiPj9RhYKc/SgRJL9anR+2OQxFsCg4PmLA==
            }
        dependencies:
            '@interactjs/types': 1.10.18
        dev: false

    /is-core-module@2.13.0:
        resolution:
            {
                integrity: sha512-Z7dk6Qo8pOCp3l4tsX2C5ZVas4V+UxwQodwZhLopL91TX8UyyHEXafPcyoeeWuLrwzHcr3igO78wNLwHJHsMCQ==
            }
        dependencies:
            has: 1.0.3
        dev: true

    /jquery@3.7.1:
        resolution:
            {
                integrity: sha512-m4avr8yL8kmFN8psrbFFFmB/If14iN5o9nw/NgnnM+kybDJpRsAynV2BsfpTYrTRysYUdADVD7CkUUizgkpLfg==
            }
        dev: false

    /load-script@1.0.0:
        resolution:
            {
                integrity: sha512-kPEjMFtZvwL9TaZo0uZ2ml+Ye9HUMmPwbYRJ324qF9tqMejwykJ5ggTyvzmrbBeapCAbk98BSbTeovHEEP1uCA==
            }
        dev: false

    /magic-string@0.30.3:
        resolution:
            {
                integrity: sha512-B7xGbll2fG/VjP+SWg4sX3JynwIU0mjoTc6MPpKNuIvftk6u6vqhDnk1R80b8C2GBR6ywqy+1DcKBrevBg+bmw==
            }
        engines: { node: '>=12' }
        dependencies:
            '@jridgewell/sourcemap-codec': 1.4.15

    /ms@2.1.2:
        resolution:
            {
                integrity: sha512-sGkPx+VjMtmA6MX27oA4FBFELFCZZ4S4XqeGOXCv68tT+jb3vk/RyaKWP0PTKyWtmLSM0b+adUTEvbs1PEaH2w==
            }
        dev: false

    /nanoid@3.3.6:
        resolution:
            {
                integrity: sha512-BGcqMMJuToF7i1rt+2PWSNVnWIkGCU78jBG3RxO/bZlnZPK2Cmi2QaffxGO/2RvWi9sL+FAiRiXMgsyxQ1DIDA==
            }
        engines: { node: ^10 || ^12 || ^13.7 || ^14 || >=15.0.1 }
        hasBin: true

    /node-fetch@2.7.0:
        resolution:
            {
                integrity: sha512-c4FRfUm/dbcWZ7U+1Wq0AwCyFL+3nt2bEw05wfxSz+DWpWsitgmSgYmy2dQdWyKC1694ELPqMs/YzUSNozLt8A==
            }
        engines: { node: 4.x || >=6.0.0 }
        peerDependencies:
            encoding: ^0.1.0
        peerDependenciesMeta:
            encoding:
                optional: true
        dependencies:
            whatwg-url: 5.0.0
        dev: false

    /oh-vue-icons@1.0.0-rc3(vue@3.3.4):
        resolution:
            {
                integrity: sha512-+k2YC6piK7sEZnwbkQF3UokFPMmgqpiLP6f/H0ovQFLl20QA5V4U8EcI6EclD2Lt5NMQ3k6ilLGo8XyXqdVSvg==
            }
        peerDependencies:
            '@vue/composition-api': ^1.0.0-rc.1
            vue: ^2.0.0 || >=3.0.0
        peerDependenciesMeta:
            '@vue/composition-api':
                optional: true
        dependencies:
            vue: 3.3.4
            vue-demi: 0.12.5(vue@3.3.4)
        dev: false

    /path-parse@1.0.7:
        resolution:
            {
                integrity: sha512-LDJzPVEEEPR+y48z93A0Ed0yXb8pAByGWo/k5YYdYgpY2/2EsOsksJrq7lOHxryrVOn1ejG6oAp8ahvOIQD8sw==
            }
        dev: true

    /path@0.12.7:
        resolution:
            {
                integrity: sha512-aXXC6s+1w7otVF9UletFkFcDsJeO7lSZBPUQhtb5O0xJe8LtYhj/GxldoL09bBj9+ZmE2hNoHqQSFMN5fikh4Q==
            }
        dependencies:
            process: 0.11.10
            util: 0.10.4
        dev: false

    /picocolors@1.0.0:
        resolution:
            {
                integrity: sha512-1fygroTLlHu66zi26VoTDv8yRgm0Fccecssto+MhsZ0D/DGW2sm8E8AjW7NU5VVTRt5GxbeZ5qBuJr+HyLYkjQ==
            }

    /pinia@2.1.6(typescript@4.9.5)(vue@3.3.4):
        resolution:
            {
                integrity: sha512-bIU6QuE5qZviMmct5XwCesXelb5VavdOWKWaB17ggk++NUwQWWbP5YnsONTk3b752QkW9sACiR81rorpeOMSvQ==
            }
        peerDependencies:
            '@vue/composition-api': ^1.4.0
            typescript: '>=4.4.4'
            vue: ^2.6.14 || ^3.3.0
        peerDependenciesMeta:
            '@vue/composition-api':
                optional: true
            typescript:
                optional: true
        dependencies:
            '@vue/devtools-api': 6.5.0
            typescript: 4.9.5
            vue: 3.3.4
            vue-demi: 0.14.6(vue@3.3.4)
        dev: false

    /popper.js@1.16.1:
        resolution:
            {
                integrity: sha512-Wb4p1J4zyFTbM+u6WuO4XstYx4Ky9Cewe4DWrel7B0w6VVICvPwdOpotjzcf6eD8TsckVnIMNONQyPIUFOUbCQ==
            }
        deprecated: You can find the new Popper v2 at @popperjs/core, this package is dedicated to the legacy v1
        dev: false

    /portal-vue@2.1.7(vue@3.3.4):
        resolution:
            {
                integrity: sha512-+yCno2oB3xA7irTt0EU5Ezw22L2J51uKAacE/6hMPMoO/mx3h4rXFkkBkT4GFsMDv/vEe8TNKC3ujJJ0PTwb6g==
            }
        peerDependencies:
            vue: ^2.5.18
        dependencies:
            vue: 3.3.4
        dev: false

    /postcss@8.4.29:
        resolution:
            {
                integrity: sha512-cbI+jaqIeu/VGqXEarWkRCCffhjgXc0qjBtXpqJhTBohMUjUQnbBr0xqX3vEKudc4iviTewcJo5ajcec5+wdJw==
            }
        engines: { node: ^10 || ^12 || >=14 }
        dependencies:
            nanoid: 3.3.6
            picocolors: 1.0.0
            source-map-js: 1.0.2

    /process@0.11.10:
        resolution:
            {
                integrity: sha512-cdGef/drWFoydD1JsMzuFf8100nZl+GT+yacc2bEced5f9Rjk4z+WtFUTBu9PhOi9j/jfmBPu0mMEY4wIdAF8A==
            }
        engines: { node: '>= 0.6.0' }
        dev: false

    /resolve@1.22.4:
        resolution:
            {
                integrity: sha512-PXNdCiPqDqeUou+w1C2eTQbNfxKSuMxqTCuvlmmMsk1NWHL5fRrhY6Pl0qEYYc6+QqGClco1Qj8XnjPego4wfg==
            }
        hasBin: true
        dependencies:
            is-core-module: 2.13.0
            path-parse: 1.0.7
            supports-preserve-symlinks-flag: 1.0.0
        dev: true

    /rollup@2.79.1:
        resolution:
            {
                integrity: sha512-uKxbd0IhMZOhjAiD5oAFp7BqvkA4Dv47qpOCtaNvng4HBwdbWtdOh8f5nZNuk2rp51PMGk3bzfWu5oayNEuYnw==
            }
        engines: { node: '>=10.0.0' }
        hasBin: true
        optionalDependencies:
            fsevents: 2.3.3
        dev: true

    /shake-detector@0.3.8:
        resolution:
            {
                integrity: sha512-fSfCLUJOshyvsLWMfwV6VoyXU4XHuKj+stQOTd3657t6/B+ea8hKTfAPRSUZRFyp+NWb+0bU8h0DmD1nxs0QYA==
            }
        dev: false

    /sister@3.0.2:
        resolution:
            {
                integrity: sha512-p19rtTs+NksBRKW9qn0UhZ8/TUI9BPw9lmtHny+Y3TinWlOa9jWh9xB0AtPSdmOy49NJJJSSe0Ey4C7h0TrcYA==
            }
        dev: false

    /source-map-js@1.0.2:
        resolution:
            {
                integrity: sha512-R0XvVJ9WusLiqTCEiGCmICCMplcCkIwwR11mOSD9CR5u+IXYdiseeEuXCVAjS54zqwkLcPNnmU4OeJ6tUrWhDw==
            }
        engines: { node: '>=0.10.0' }

    /supports-color@7.2.0:
        resolution:
            {
                integrity: sha512-qpCAvRl9stuOHveKsn7HncJRvv501qIacKzQlO/+Lwxc9+0q2wLyv4Dfvt80/DPn2pqOBsJdDiogXGR9+OvwRw==
            }
        engines: { node: '>=8' }
        dependencies:
            has-flag: 4.0.0
        dev: false

    /supports-preserve-symlinks-flag@1.0.0:
        resolution:
            {
                integrity: sha512-ot0WnXS9fgdkgIcePe6RHNk1WA8+muPa6cSjeR3V8K27q9BB1rTE3R1p7Hv0z1ZyAc8s6Vvv8DIyWf681MAt0w==
            }
        engines: { node: '>= 0.4' }
        dev: true

    /three@0.117.1:
        resolution:
            {
                integrity: sha512-t4zeJhlNzUIj9+ub0l6nICVimSuRTZJOqvk3Rmlu+YGdTOJ49Wna8p7aumpkXJakJfITiybfpYE1XN1o1Z34UQ==
            }
        dev: false

    /to-fast-properties@2.0.0:
        resolution:
            {
                integrity: sha512-/OaKK0xYrs3DmxRYqL/yDc+FxFUVYhDlXMhRmv3z915w2HF1tnN1omB354j8VUGO/hbRzyD6Y3sA7v7GS/ceog==
            }
        engines: { node: '>=4' }

    /tr46@0.0.3:
        resolution:
            {
                integrity: sha512-N3WMsuqV66lT30CrXNbEjx4GEwlow3v6rr4mCcv6prnfwhS01rkgyFdjPNBYd9br7LpXV1+Emh01fHnq2Gdgrw==
            }
        dev: false

    /typescript@4.9.5:
        resolution:
            {
                integrity: sha512-1FXk9E2Hm+QzZQ7z+McJiHL4NW1F2EzMu9Nq9i3zAaGqibafqYwCVU6WyWAuyQRRzOlxou8xZSyXLEN8oKj24g==
            }
        engines: { node: '>=4.2.0' }
        hasBin: true

    /util@0.10.4:
        resolution:
            {
                integrity: sha512-0Pm9hTQ3se5ll1XihRic3FDIku70C+iHUdT/W926rSgHV5QgXsYbKZN8MSC3tJtSkhuROzvsQjAaFENRXr+19A==
            }
        dependencies:
            inherits: 2.0.3
        dev: false

    /vite@3.2.7:
        resolution:
            {
                integrity: sha512-29pdXjk49xAP0QBr0xXqu2s5jiQIXNvE/xwd0vUizYT2Hzqe4BksNNoWllFVXJf4eLZ+UlVQmXfB4lWrc+t18g==
            }
        engines: { node: ^14.18.0 || >=16.0.0 }
        hasBin: true
        peerDependencies:
            '@types/node': '>= 14'
            less: '*'
            sass: '*'
            stylus: '*'
            sugarss: '*'
            terser: ^5.4.0
        peerDependenciesMeta:
            '@types/node':
                optional: true
            less:
                optional: true
            sass:
                optional: true
            stylus:
                optional: true
            sugarss:
                optional: true
            terser:
                optional: true
        dependencies:
            esbuild: 0.15.18
            postcss: 8.4.29
            resolve: 1.22.4
            rollup: 2.79.1
        optionalDependencies:
            fsevents: 2.3.3
        dev: true

    /vue-demi@0.11.4(vue@3.3.4):
        resolution:
            {
                integrity: sha512-/3xFwzSykLW2HiiLie43a+FFgNOcokbBJ+fzvFXd0r2T8MYohqvphUyDQ8lbAwzQ3Dlcrb1c9ykifGkhSIAk6A==
            }
        engines: { node: '>=12' }
        hasBin: true
        requiresBuild: true
        peerDependencies:
            '@vue/composition-api': ^1.0.0-rc.1
            vue: ^3.0.0-0 || ^2.6.0
        peerDependenciesMeta:
            '@vue/composition-api':
                optional: true
        dependencies:
            vue: 3.3.4
        dev: false

    /vue-demi@0.12.5(vue@3.3.4):
        resolution:
            {
                integrity: sha512-BREuTgTYlUr0zw0EZn3hnhC3I6gPWv+Kwh4MCih6QcAeaTlaIX0DwOVN0wHej7hSvDPecz4jygy/idsgKfW58Q==
            }
        engines: { node: '>=12' }
        hasBin: true
        requiresBuild: true
        peerDependencies:
            '@vue/composition-api': ^1.0.0-rc.1
            vue: ^3.0.0-0 || ^2.6.0
        peerDependenciesMeta:
            '@vue/composition-api':
                optional: true
        dependencies:
            vue: 3.3.4
        dev: false

    /vue-demi@0.14.6(vue@3.3.4):
        resolution:
            {
                integrity: sha512-8QA7wrYSHKaYgUxDA5ZC24w+eHm3sYCbp0EzcDwKqN3p6HqtTCGR/GVsPyZW92unff4UlcSh++lmqDWN3ZIq4w==
            }
        engines: { node: '>=12' }
        hasBin: true
        requiresBuild: true
        peerDependencies:
            '@vue/composition-api': ^1.0.0-rc.1
            vue: ^3.0.0-0 || ^2.6.0
        peerDependenciesMeta:
            '@vue/composition-api':
                optional: true
        dependencies:
            vue: 3.3.4
        dev: false

    /vue-functional-data-merge@3.1.0:
        resolution:
            {
                integrity: sha512-leT4kdJVQyeZNY1kmnS1xiUlQ9z1B/kdBFCILIjYYQDqZgLqCLa0UhjSSeRX6c3mUe6U5qYeM8LrEqkHJ1B4LA==
            }
        dev: false

    /vue-glitched-writer@1.2.2(vue@3.3.4):
        resolution:
            {
                integrity: sha512-gZkJadoABPqAf2WI5EBvf8HQhDMdGD4DX7KzRHx/J/lDqhLcuxt0Xi8BRv0MEgk7f+vOyz6NOCHSw3pVTgkRpA==
            }
        engines: { node: '>=12' }
        peerDependencies:
            '@vue/composition-api': ^1.0.0-rc.1
            vue: ^2.0.0 || >=3.0.0
        peerDependenciesMeta:
            '@vue/composition-api':
                optional: true
        dependencies:
            glitched-writer: 2.0.29
            vue: 3.3.4
            vue-demi: 0.11.4(vue@3.3.4)
        dev: false

    /vue-matrix-digit-rain@1.0.1:
        resolution:
            {
                integrity: sha512-TDeoSXEaBMXZOZxXAbgPUzUX8SDaofakBs4X3XBemVxFuKoaUUsxrozZIaFWIiEJkV+BJxWFOoqLjCmnZFdcoA==
            }
        dev: false

    /vue-router@4.2.4(vue@3.3.4):
        resolution:
            {
                integrity: sha512-9PISkmaCO02OzPVOMq2w82ilty6+xJmQrarYZDkjZBfl4RvYAlt4PKnEX21oW4KTtWfa9OuO/b3qk1Od3AEdCQ==
            }
        peerDependencies:
            vue: ^3.2.0
        dependencies:
            '@vue/devtools-api': 6.5.0
            vue: 3.3.4
        dev: false

    /vue-tsc@0.38.9(typescript@4.9.5):
        resolution:
            {
                integrity: sha512-Yoy5phgvGqyF98Fb4mYqboR4Q149jrdcGv5kSmufXJUq++RZJ2iMVG0g6zl+v3t4ORVWkQmRpsV4x2szufZ0LQ==
            }
        hasBin: true
        peerDependencies:
            typescript: '*'
        dependencies:
            '@volar/vue-typescript': 0.38.9
            typescript: 4.9.5
        dev: true

    /vue@3.3.4:
        resolution:
            {
                integrity: sha512-VTyEYn3yvIeY1Py0WaYGZsXnz3y5UnGi62GjVEqvEGPl6nxbOrCXbVOTQWBEJUqAyTUk2uJ5JLVnYJ6ZzGbrSw==
            }
        dependencies:
            '@vue/compiler-dom': 3.3.4
            '@vue/compiler-sfc': 3.3.4
            '@vue/runtime-dom': 3.3.4
            '@vue/server-renderer': 3.3.4(vue@3.3.4)
            '@vue/shared': 3.3.4

    /vueperslides@3.5.1(vue@3.3.4):
        resolution:
            {
                integrity: sha512-g/Lauv1svlSaERzLNeys0oeLmpDFiXkIa+lxg+lJma6m6wXqJKzKKVIi8Kvc95XPnl42n7PYYJyr0+FMV6WZGw==
            }
        peerDependencies:
            vue: ^2.6.14 || ^3.2.0
        dependencies:
            vue: 3.3.4
        dev: false

    /webidl-conversions@3.0.1:
        resolution:
            {
                integrity: sha512-2JAn3z8AR6rjK8Sm8orRC0h/bcl/DqL7tRPdGZ4I1CjdF+EaMLmYxBHyXuKL849eucPFhvBoxMsflfOb8kxaeQ==
            }
        dev: false

    /whatwg-url@5.0.0:
        resolution:
            {
                integrity: sha512-saE57nupxk6v3HY35+jzBwYa0rKSy0XR8JSxZPwgLr7ys0IBzhGviA1/TUGJLmSVqs8pb9AnvICXEuOHLprYTw==
            }
        dependencies:
            tr46: 0.0.3
            webidl-conversions: 3.0.1
        dev: false

    /xterm@4.19.0:
        resolution:
            {
                integrity: sha512-c3Cp4eOVsYY5Q839dR5IejghRPpxciGmLWWaP9g+ppfMeBChMeLa1DCA+pmX/jyDZ+zxFOmlJL/82qVdayVoGQ==
            }
        dev: false

    /youtube-player@5.6.0:
        resolution:
            {
                integrity: sha512-x95fBbxV7eZ1ZsFtMLMcSGX0Jb/GPPj69RsooyEDVa9bzvvNZ4d5VjnBVBYoY85008VefkLvtaV+b+l38R/LMQ==
            }
        dependencies:
            debug: 4.3.4
            load-script: 1.0.0
            sister: 3.0.2
        transitivePeerDependencies:
            - supports-color
        dev: false
